
Microsoft Visual Studio Solution File, Format Version 12.00
# Visual Studio 14
VisualStudioVersion = 14.0.25123.0
MinimumVisualStudioVersion = 10.0.40219.1
Project("{2150E333-8FDC-42A3-9474-1A3956D46DE8}") = "UI", "UI", "{26739A1C-610F-460F-BFBF-53C481CDB9DB}"
EndProject
Project("{2150E333-8FDC-42A3-9474-1A3956D46DE8}") = "Service", "Service", "{66C549E5-5918-447D-BF33-25618A33AAFF}"
EndProject
Project("{2150E333-8FDC-42A3-9474-1A3956D46DE8}") = "Data", "Data", "{89579632-5DC7-460B-ACAA-7F8218D0EA29}"
EndProject
Project("{2150E333-8FDC-42A3-9474-1A3956D46DE8}") = "Util", "Util", "{CD76ECDC-4E07-4A00-BAC4-F7A6EF1237B6}"
EndProject
Project("{FAE04EC0-301F-11D3-BF4B-00C04F79EFBC}") = "WebApp.Test", "UI\WebApp.Test\WebApp.Test.csproj", "{21284690-2096-43E9-B544-2D9CD6CC5B7E}"
EndProject
Project("{FAE04EC0-301F-11D3-BF4B-00C04F79EFBC}") = "Test.Data", "Data\Test.Data\Test.Data.csproj", "{0CCF52CB-FBB0-4C7E-953D-27F593E0352F}"
EndProject
Project("{FAE04EC0-301F-11D3-BF4B-00C04F79EFBC}") = "ConsoleApp.Test", "UI\ConsoleApp.Test\ConsoleApp.Test.csproj", "{4F274945-0B88-431E-A87D-496128EDF17B}"
EndProject
Project("{FAE04EC0-301F-11D3-BF4B-00C04F79EFBC}") = "Test.Service", "Service\Test.Service\Test.Service.csproj", "{FAAA8356-2BEF-418F-BB48-DC9F28C3187E}"
EndProject
Project("{FAE04EC0-301F-11D3-BF4B-00C04F79EFBC}") = "Test.Util.Common", "Util\Test.Common\Test.Util.Common.csproj", "{EB8BC6F9-FCED-42BF-99ED-5B44B73F6E09}"
EndProject
Project("{FAE04EC0-301F-11D3-BF4B-00C04F79EFBC}") = "Test.Util.Redis", "Util\Test.Redis\Test.Util.Redis.csproj", "{620F7100-D9E1-4661-A645-033D37EC3552}"
EndProject
Project("{FAE04EC0-301F-11D3-BF4B-00C04F79EFBC}") = "Test.Util.Mvc", "Util\Test.Util.Mvc\Test.Util.Mvc.csproj", "{9F702780-B5A0-4D74-B009-7D2FAF32E946}"
EndProject
Project("{FAE04EC0-301F-11D3-BF4B-00C04F79EFBC}") = "Test.IService", "Service\Test.IService\Test.IService.csproj", "{BE981CD6-C026-48B3-A6BB-267801B39084}"
EndProject
Project("{2150E333-8FDC-42A3-9474-1A3956D46DE8}") = "Model", "Model", "{E3D6FFEA-E576-48DF-ACF7-C0B8062AA4CE}"
EndProject
Project("{FAE04EC0-301F-11D3-BF4B-00C04F79EFBC}") = "Test.Model", "Model\Test.Model\Test.Model.csproj", "{CC11131C-F3C2-4A12-BF08-DD77317DA0C1}"
EndProject
Global
	GlobalSection(SolutionConfigurationPlatforms) = preSolution
		Debug|Any CPU = Debug|Any CPU
		Release|Any CPU = Release|Any CPU
	EndGlobalSection
	GlobalSection(ProjectConfigurationPlatforms) = postSolution
		{21284690-2096-43E9-B544-2D9CD6CC5B7E}.Debug|Any CPU.ActiveCfg = Debug|Any CPU
		{21284690-2096-43E9-B544-2D9CD6CC5B7E}.Debug|Any CPU.Build.0 = Debug|Any CPU
		{21284690-2096-43E9-B544-2D9CD6CC5B7E}.Release|Any CPU.ActiveCfg = Release|Any CPU
		{21284690-2096-43E9-B544-2D9CD6CC5B7E}.Release|Any CPU.Build.0 = Release|Any CPU
		{0CCF52CB-FBB0-4C7E-953D-27F593E0352F}.Debug|Any CPU.ActiveCfg = Debug|Any CPU
		{0CCF52CB-FBB0-4C7E-953D-27F593E0352F}.Debug|Any CPU.Build.0 = Debug|Any CPU
		{0CCF52CB-FBB0-4C7E-953D-27F593E0352F}.Release|Any CPU.ActiveCfg = Release|Any CPU
		{0CCF52CB-FBB0-4C7E-953D-27F593E0352F}.Release|Any CPU.Build.0 = Release|Any CPU
		{4F274945-0B88-431E-A87D-496128EDF17B}.Debug|Any CPU.ActiveCfg = Debug|Any CPU
		{4F274945-0B88-431E-A87D-496128EDF17B}.Debug|Any CPU.Build.0 = Debug|Any CPU
		{4F274945-0B88-431E-A87D-496128EDF17B}.Release|Any CPU.ActiveCfg = Release|Any CPU
		{4F274945-0B88-431E-A87D-496128EDF17B}.Release|Any CPU.Build.0 = Release|Any CPU
		{FAAA8356-2BEF-418F-BB48-DC9F28C3187E}.Debug|Any CPU.ActiveCfg = Debug|Any CPU
		{FAAA8356-2BEF-418F-BB48-DC9F28C3187E}.Debug|Any CPU.Build.0 = Debug|Any CPU
		{FAAA8356-2BEF-418F-BB48-DC9F28C3187E}.Release|Any CPU.ActiveCfg = Release|Any CPU
		{FAAA8356-2BEF-418F-BB48-DC9F28C3187E}.Release|Any CPU.Build.0 = Release|Any CPU
		{EB8BC6F9-FCED-42BF-99ED-5B44B73F6E09}.Debug|Any CPU.ActiveCfg = Debug|Any CPU
		{EB8BC6F9-FCED-42BF-99ED-5B44B73F6E09}.Debug|Any CPU.Build.0 = Debug|Any CPU
		{EB8BC6F9-FCED-42BF-99ED-5B44B73F6E09}.Release|Any CPU.ActiveCfg = Release|Any CPU
		{EB8BC6F9-FCED-42BF-99ED-5B44B73F6E09}.Release|Any CPU.Build.0 = Release|Any CPU
		{620F7100-D9E1-4661-A645-033D37EC3552}.Debug|Any CPU.ActiveCfg = Debug|Any CPU
		{620F7100-D9E1-4661-A645-033D37EC3552}.Debug|Any CPU.Build.0 = Debug|Any CPU
		{620F7100-D9E1-4661-A645-033D37EC3552}.Release|Any CPU.ActiveCfg = Release|Any CPU
		{620F7100-D9E1-4661-A645-033D37EC3552}.Release|Any CPU.Build.0 = Release|Any CPU
		{9F702780-B5A0-4D74-B009-7D2FAF32E946}.Debug|Any CPU.ActiveCfg = Debug|Any CPU
		{9F702780-B5A0-4D74-B009-7D2FAF32E946}.Debug|Any CPU.Build.0 = Debug|Any CPU
		{9F702780-B5A0-4D74-B009-7D2FAF32E946}.Release|Any CPU.ActiveCfg = Release|Any CPU
		{9F702780-B5A0-4D74-B009-7D2FAF32E946}.Release|Any CPU.Build.0 = Release|Any CPU
		{BE981CD6-C026-48B3-A6BB-267801B39084}.Debug|Any CPU.ActiveCfg = Debug|Any CPU
		{BE981CD6-C026-48B3-A6BB-267801B39084}.Debug|Any CPU.Build.0 = Debug|Any CPU
		{BE981CD6-C026-48B3-A6BB-267801B39084}.Release|Any CPU.ActiveCfg = Release|Any CPU
		{BE981CD6-C026-48B3-A6BB-267801B39084}.Release|Any CPU.Build.0 = Release|Any CPU
		{CC11131C-F3C2-4A12-BF08-DD77317DA0C1}.Debug|Any CPU.ActiveCfg = Debug|Any CPU
		{CC11131C-F3C2-4A12-BF08-DD77317DA0C1}.Debug|Any CPU.Build.0 = Debug|Any CPU
		{CC11131C-F3C2-4A12-BF08-DD77317DA0C1}.Release|Any CPU.ActiveCfg = Release|Any CPU
		{CC11131C-F3C2-4A12-BF08-DD77317DA0C1}.Release|Any CPU.Build.0 = Release|Any CPU
	EndGlobalSection
	GlobalSection(SolutionProperties) = preSolution
		HideSolutionNode = FALSE
	EndGlobalSection
	GlobalSection(NestedProjects) = preSolution
		{21284690-2096-43E9-B544-2D9CD6CC5B7E} = {26739A1C-610F-460F-BFBF-53C481CDB9DB}
		{0CCF52CB-FBB0-4C7E-953D-27F593E0352F} = {89579632-5DC7-460B-ACAA-7F8218D0EA29}
		{4F274945-0B88-431E-A87D-496128EDF17B} = {26739A1C-610F-460F-BFBF-53C481CDB9DB}
		{FAAA8356-2BEF-418F-BB48-DC9F28C3187E} = {66C549E5-5918-447D-BF33-25618A33AAFF}
		{EB8BC6F9-FCED-42BF-99ED-5B44B73F6E09} = {CD76ECDC-4E07-4A00-BAC4-F7A6EF1237B6}
		{620F7100-D9E1-4661-A645-033D37EC3552} = {CD76ECDC-4E07-4A00-BAC4-F7A6EF1237B6}
		{9F702780-B5A0-4D74-B009-7D2FAF32E946} = {CD76ECDC-4E07-4A00-BAC4-F7A6EF1237B6}
		{BE981CD6-C026-48B3-A6BB-267801B39084} = {66C549E5-5918-447D-BF33-25618A33AAFF}
		{CC11131C-F3C2-4A12-BF08-DD77317DA0C1} = {E3D6FFEA-E576-48DF-ACF7-C0B8062AA4CE}
	EndGlobalSection
EndGlobal
